
Microsoft Visual Studio Solution File, Format Version 12.00
# Visual Studio Version 16
VisualStudioVersion = 25.0.1700.1
MinimumVisualStudioVersion = 10.0.40219.1
Project("{FAE04EC0-301F-11D3-BF4B-00C04F79EFBC}") = "DemoCsharp.Consola", "DemoCsharp.Consola\DemoCsharp.Consola.csproj", "{EA1468AD-451A-41BC-815E-AC57310DFD75}"
EndProject
Project("{FAE04EC0-301F-11D3-BF4B-00C04F79EFBC}") = "DemoCSharp.Models", "DemoCSharp.Models\DemoCSharp.Models.csproj", "{18323ACC-72F2-44A0-BEC7-29189A5AEB58}"
EndProject
Global
	GlobalSection(SolutionConfigurationPlatforms) = preSolution
		Debug|Any CPU = Debug|Any CPU
		Release|Any CPU = Release|Any CPU
	EndGlobalSection
	GlobalSection(ProjectConfigurationPlatforms) = postSolution
		{EA1468AD-451A-41BC-815E-AC57310DFD75}.Debug|Any CPU.ActiveCfg = Debug|Any CPU
		{EA1468AD-451A-41BC-815E-AC57310DFD75}.Debug|Any CPU.Build.0 = Debug|Any CPU
		{EA1468AD-451A-41BC-815E-AC57310DFD75}.Release|Any CPU.ActiveCfg = Release|Any CPU
		{EA1468AD-451A-41BC-815E-AC57310DFD75}.Release|Any CPU.Build.0 = Release|Any CPU
		{18323ACC-72F2-44A0-BEC7-29189A5AEB58}.Debug|Any CPU.ActiveCfg = Debug|Any CPU
		{18323ACC-72F2-44A0-BEC7-29189A5AEB58}.Debug|Any CPU.Build.0 = Debug|Any CPU
		{18323ACC-72F2-44A0-BEC7-29189A5AEB58}.Release|Any CPU.ActiveCfg = Release|Any CPU
		{18323ACC-72F2-44A0-BEC7-29189A5AEB58}.Release|Any CPU.Build.0 = Release|Any CPU
	EndGlobalSection
	GlobalSection(SolutionProperties) = preSolution
		HideSolutionNode = FALSE
	EndGlobalSection
	GlobalSection(ExtensibilityGlobals) = postSolution
		SolutionGuid = {5EB01004-B3DC-43D0-B1FF-5DC5C7261288}
	EndGlobalSection
EndGlobal
